
Microsoft Visual Studio Solution File, Format Version 12.00
# Visual Studio Version 17
VisualStudioVersion = 17.0.31903.59
MinimumVisualStudioVersion = 10.0.40219.1
Project("{2150E333-8FDC-42A3-9474-1A3956D46DE8}") = "src", "src", "{0A3AD4A3-886B-4F9C-80B8-09CD96698E75}"
	ProjectSection(SolutionItems) = preProject
		.gitignore = .gitignore
	EndProjectSection
EndProject
Project("{FAE04EC0-301F-11D3-BF4B-00C04F79EFBC}") = "AuctionService", "src\AuctionService\AuctionService.csproj", "{79B84620-BA4F-4B54-A073-F05A96DA2123}"
EndProject
Project("{FAE04EC0-301F-11D3-BF4B-00C04F79EFBC}") = "SearchService", "src\SearchService\SearchService.csproj", "{8CF460C3-E6B5-4415-98DF-4E75087F93E8}"
EndProject
Project("{FAE04EC0-301F-11D3-BF4B-00C04F79EFBC}") = "Contracts", "src\Contracts\Contracts.csproj", "{043D5BD5-B4B4-498D-9FC4-06FA6C211F29}"
EndProject
Project("{FAE04EC0-301F-11D3-BF4B-00C04F79EFBC}") = "IdentityService", "src\IdentityService\IdentityService.csproj", "{3DEE1948-6333-409C-B431-F6E56DDEB2C5}"
EndProject
Project("{FAE04EC0-301F-11D3-BF4B-00C04F79EFBC}") = "GatewayService", "src\GatewayService\GatewayService.csproj", "{FD75C04D-65F4-410D-8D87-59F6064B359F}"
EndProject
Global
	GlobalSection(SolutionConfigurationPlatforms) = preSolution
		Debug|Any CPU = Debug|Any CPU
		Release|Any CPU = Release|Any CPU
	EndGlobalSection
	GlobalSection(ProjectConfigurationPlatforms) = postSolution
		{79B84620-BA4F-4B54-A073-F05A96DA2123}.Debug|Any CPU.ActiveCfg = Debug|Any CPU
		{79B84620-BA4F-4B54-A073-F05A96DA2123}.Debug|Any CPU.Build.0 = Debug|Any CPU
		{79B84620-BA4F-4B54-A073-F05A96DA2123}.Release|Any CPU.ActiveCfg = Release|Any CPU
		{79B84620-BA4F-4B54-A073-F05A96DA2123}.Release|Any CPU.Build.0 = Release|Any CPU
		{8CF460C3-E6B5-4415-98DF-4E75087F93E8}.Debug|Any CPU.ActiveCfg = Debug|Any CPU
		{8CF460C3-E6B5-4415-98DF-4E75087F93E8}.Debug|Any CPU.Build.0 = Debug|Any CPU
		{8CF460C3-E6B5-4415-98DF-4E75087F93E8}.Release|Any CPU.ActiveCfg = Release|Any CPU
		{8CF460C3-E6B5-4415-98DF-4E75087F93E8}.Release|Any CPU.Build.0 = Release|Any CPU
		{043D5BD5-B4B4-498D-9FC4-06FA6C211F29}.Debug|Any CPU.ActiveCfg = Debug|Any CPU
		{043D5BD5-B4B4-498D-9FC4-06FA6C211F29}.Debug|Any CPU.Build.0 = Debug|Any CPU
		{043D5BD5-B4B4-498D-9FC4-06FA6C211F29}.Release|Any CPU.ActiveCfg = Release|Any CPU
		{043D5BD5-B4B4-498D-9FC4-06FA6C211F29}.Release|Any CPU.Build.0 = Release|Any CPU
		{3DEE1948-6333-409C-B431-F6E56DDEB2C5}.Debug|Any CPU.ActiveCfg = Debug|Any CPU
		{3DEE1948-6333-409C-B431-F6E56DDEB2C5}.Debug|Any CPU.Build.0 = Debug|Any CPU
		{3DEE1948-6333-409C-B431-F6E56DDEB2C5}.Release|Any CPU.ActiveCfg = Release|Any CPU
		{3DEE1948-6333-409C-B431-F6E56DDEB2C5}.Release|Any CPU.Build.0 = Release|Any CPU
		{FD75C04D-65F4-410D-8D87-59F6064B359F}.Debug|Any CPU.ActiveCfg = Debug|Any CPU
		{FD75C04D-65F4-410D-8D87-59F6064B359F}.Debug|Any CPU.Build.0 = Debug|Any CPU
		{FD75C04D-65F4-410D-8D87-59F6064B359F}.Release|Any CPU.ActiveCfg = Release|Any CPU
		{FD75C04D-65F4-410D-8D87-59F6064B359F}.Release|Any CPU.Build.0 = Release|Any CPU
	EndGlobalSection
	GlobalSection(SolutionProperties) = preSolution
		HideSolutionNode = FALSE
	EndGlobalSection
	GlobalSection(NestedProjects) = preSolution
		{79B84620-BA4F-4B54-A073-F05A96DA2123} = {0A3AD4A3-886B-4F9C-80B8-09CD96698E75}
		{8CF460C3-E6B5-4415-98DF-4E75087F93E8} = {0A3AD4A3-886B-4F9C-80B8-09CD96698E75}
		{043D5BD5-B4B4-498D-9FC4-06FA6C211F29} = {0A3AD4A3-886B-4F9C-80B8-09CD96698E75}
		{3DEE1948-6333-409C-B431-F6E56DDEB2C5} = {0A3AD4A3-886B-4F9C-80B8-09CD96698E75}
		{FD75C04D-65F4-410D-8D87-59F6064B359F} = {0A3AD4A3-886B-4F9C-80B8-09CD96698E75}
	EndGlobalSection
EndGlobal
